// !$*UTF8*$!
{
	archiveVersion = 1;
	classes = {
	};
	objectVersion = 50;
	objects = {

/* Begin PBXBuildFile section */
		E48CD276222BD54100C15731 /* AppDelegate.swift in Sources */ = {isa = PBXBuildFile; fileRef = E48CD275222BD54100C15731 /* AppDelegate.swift */; };
		E48CD278222BD54100C15731 /* ViewController.swift in Sources */ = {isa = PBXBuildFile; fileRef = E48CD277222BD54100C15731 /* ViewController.swift */; };
		E48CD27B222BD54100C15731 /* Main.storyboard in Resources */ = {isa = PBXBuildFile; fileRef = E48CD279222BD54100C15731 /* Main.storyboard */; };
		E48CD27E222BD54100C15731 /* Mashagel.xcdatamodeld in Sources */ = {isa = PBXBuildFile; fileRef = E48CD27C222BD54100C15731 /* Mashagel.xcdatamodeld */; };
		E48CD280222BD54700C15731 /* Assets.xcassets in Resources */ = {isa = PBXBuildFile; fileRef = E48CD27F222BD54700C15731 /* Assets.xcassets */; };
		E48CD283222BD54700C15731 /* LaunchScreen.storyboard in Resources */ = {isa = PBXBuildFile; fileRef = E48CD281222BD54700C15731 /* LaunchScreen.storyboard */; };
/* End PBXBuildFile section */

/* Begin PBXFileReference section */
		E48CD272222BD54100C15731 /* Mashagel.app */ = {isa = PBXFileReference; explicitFileType = wrapper.application; includeInIndex = 0; path = Mashagel.app; sourceTree = BUILT_PRODUCTS_DIR; };
		E48CD275222BD54100C15731 /* AppDelegate.swift */ = {isa = PBXFileReference; lastKnownFileType = sourcecode.swift; path = AppDelegate.swift; sourceTree = "<group>"; };
		E48CD277222BD54100C15731 /* ViewController.swift */ = {isa = PBXFileReference; lastKnownFileType = sourcecode.swift; path = ViewController.swift; sourceTree = "<group>"; };
		E48CD27A222BD54100C15731 /* Base */ = {isa = PBXFileReference; lastKnownFileType = file.storyboard; name = Base; path = Base.lproj/Main.storyboard; sourceTree = "<group>"; };
		E48CD27D222BD54100C15731 /* Mashagel.xcdatamodel */ = {isa = PBXFileReference; lastKnownFileType = wrapper.xcdatamodel; path = Mashagel.xcdatamodel; sourceTree = "<group>"; };
		E48CD27F222BD54700C15731 /* Assets.xcassets */ = {isa = PBXFileReference; lastKnownFileType = folder.assetcatalog; path = Assets.xcassets; sourceTree = "<group>"; };
		E48CD282222BD54700C15731 /* Base */ = {isa = PBXFileReference; lastKnownFileType = file.storyboard; name = Base; path = Base.lproj/LaunchScreen.storyboard; sourceTree = "<group>"; };
		E48CD284222BD54700C15731 /* Info.plist */ = {isa = PBXFileReference; lastKnownFileType = text.plist.xml; path = Info.plist; sourceTree = "<group>"; };
/* End PBXFileReference section */

/* Begin PBXFrameworksBuildPhase section */
		E48CD26F222BD54100C15731 /* Frameworks */ = {
			isa = PBXFrameworksBuildPhase;
			buildActionMask = 2147483647;
			files = (
			);
			runOnlyForDeploymentPostprocessing = 0;
		};
/* End PBXFrameworksBuildPhase section */

/* Begin PBXGroup section */
		E48CD269222BD54000C15731 = {
			isa = PBXGroup;
			children = (
				E48CD274222BD54100C15731 /* Mashagel */,
				E48CD273222BD54100C15731 /* Products */,
			);
			sourceTree = "<group>";
		};
		E48CD273222BD54100C15731 /* Products */ = {
			isa = PBXGroup;
			children = (
				E48CD272222BD54100C15731 /* Mashagel.app */,
			);
			name = Products;
			sourceTree = "<group>";
		};
		E48CD274222BD54100C15731 /* Mashagel */ = {
			isa = PBXGroup;
			children = (
				E48CD275222BD54100C15731 /* AppDelegate.swift */,
				E48CD277222BD54100C15731 /* ViewController.swift */,
				E48CD279222BD54100C15731 /* Main.storyboard */,
				E48CD27F222BD54700C15731 /* Assets.xcassets */,
				E48CD281222BD54700C15731 /* LaunchScreen.storyboard */,
				E48CD284222BD54700C15731 /* Info.plist */,
				E48CD27C222BD54100C15731 /* Mashagel.xcdatamodeld */,
			);
			path = Mashagel;
			sourceTree = "<group>";
		};
/* End PBXGroup section */

/* Begin PBXNativeTarget section */
		E48CD271222BD54100C15731 /* Mashagel */ = {
			isa = PBXNativeTarget;
			buildConfigurationList = E48CD287222BD54800C15731 /* Build configuration list for PBXNativeTarget "Mashagel" */;
			buildPhases = (
				E48CD26E222BD54100C15731 /* Sources */,
				E48CD26F222BD54100C15731 /* Frameworks */,
				E48CD270222BD54100C15731 /* Resources */,
			);
			buildRules = (
			);
			dependencies = (
			);
			name = Mashagel;
			productName = Mashagel;
			productReference = E48CD272222BD54100C15731 /* Mashagel.app */;
			productType = "com.apple.product-type.application";
		};
/* End PBXNativeTarget section */

/* Begin PBXProject section */
		E48CD26A222BD54000C15731 /* Project object */ = {
			isa = PBXProject;
			attributes = {
				LastSwiftUpdateCheck = 1010;
				LastUpgradeCheck = 1010;
				ORGANIZATIONNAME = "AbdelRahman Aref";
				TargetAttributes = {
					E48CD271222BD54100C15731 = {
						CreatedOnToolsVersion = 10.1;
					};
				};
			};
			buildConfigurationList = E48CD26D222BD54000C15731 /* Build configuration list for PBXProject "Mashagel" */;
			compatibilityVersion = "Xcode 9.3";
			developmentRegion = en;
			hasScannedForEncodings = 0;
			knownRegions = (
				en,
				Base,
			);
			mainGroup = E48CD269222BD54000C15731;
			productRefGroup = E48CD273222BD54100C15731 /* Products */;
			projectDirPath = "";
			projectRoot = "";
			targets = (
				E48CD271222BD54100C15731 /* Mashagel */,
			);
		};
/* End PBXProject section */

/* Begin PBXResourcesBuildPhase section */
		E48CD270222BD54100C15731 /* Resources */ = {
			isa = PBXResourcesBuildPhase;
			buildActionMask = 2147483647;
			files = (
				E48CD283222BD54700C15731 /* LaunchScreen.storyboard in Resources */,
				E48CD280222BD54700C15731 /* Assets.xcassets in Resources */,
				E48CD27B222BD54100C15731 /* Main.storyboard in Resources */,
			);
			runOnlyForDeploymentPostprocessing = 0;
		};
/* End PBXResourcesBuildPhase section */

/* Begin PBXSourcesBuildPhase section */
		E48CD26E222BD54100C15731 /* Sources */ = {
			isa = PBXSourcesBuildPhase;
			buildActionMask = 2147483647;
			files = (
				E48CD278222BD54100C15731 /* ViewController.swift in Sources */,
				E48CD276222BD54100C15731 /* AppDelegate.swift in Sources */,
				E48CD27E222BD54100C15731 /* Mashagel.xcdatamodeld in Sources */,
			);
			runOnlyForDeploymentPostprocessing = 0;
		};
/* End PBXSourcesBuildPhase section */

/* Begin PBXVariantGroup section */
		E48CD279222BD54100C15731 /* Main.storyboard */ = {
			isa = PBXVariantGroup;
			children = (
				E48CD27A222BD54100C15731 /* Base */,
			);
			name = Main.storyboard;
			sourceTree = "<group>";
		};
		E48CD281222BD54700C15731 /* LaunchScreen.storyboard */ = {
			isa = PBXVariantGroup;
			children = (
				E48CD282222BD54700C15731 /* Base */,
			);
			name = LaunchScreen.storyboard;
			sourceTree = "<group>";
		};
/* End PBXVariantGroup section */

/* Begin XCBuildConfiguration section */
		E48CD285222BD54700C15731 /* Debug */ = {
			isa = XCBuildConfiguration;
			buildSettings = {
				ALWAYS_SEARCH_USER_PATHS = NO;
				CLANG_ANALYZER_NONNULL = YES;
				CLANG_ANALYZER_NUMBER_OBJECT_CONVERSION = YES_AGGRESSIVE;
				CLANG_CXX_LANGUAGE_STANDARD = "gnu++14";
				CLANG_CXX_LIBRARY = "libc++";
				CLANG_ENABLE_MODULES = YES;
				CLANG_ENABLE_OBJC_ARC = YES;
				CLANG_ENABLE_OBJC_WEAK = YES;
				CLANG_WARN_BLOCK_CAPTURE_AUTORELEASING = YES;
				CLANG_WARN_BOOL_CONVERSION = YES;
				CLANG_WARN_COMMA = YES;
				CLANG_WARN_CONSTANT_CONVERSION = YES;
				CLANG_WARN_DEPRECATED_OBJC_IMPLEMENTATIONS = YES;
				CLANG_WARN_DIRECT_OBJC_ISA_USAGE = YES_ERROR;
				CLANG_WARN_DOCUMENTATION_COMMENTS = YES;
				CLANG_WARN_EMPTY_BODY = YES;
				CLANG_WARN_ENUM_CONVERSION = YES;
				CLANG_WARN_INFINITE_RECURSION = YES;
				CLANG_WARN_INT_CONVERSION = YES;
				CLANG_WARN_NON_LITERAL_NULL_CONVERSION = YES;
				CLANG_WARN_OBJC_IMPLICIT_RETAIN_SELF = YES;
				CLANG_WARN_OBJC_LITERAL_CONVERSION = YES;
				CLANG_WARN_OBJC_ROOT_CLASS = YES_ERROR;
				CLANG_WARN_RANGE_LOOP_ANALYSIS = YES;
				CLANG_WARN_STRICT_PROTOTYPES = YES;
				CLANG_WARN_SUSPICIOUS_MOVE = YES;
				CLANG_WARN_UNGUARDED_AVAILABILITY = YES_AGGRESSIVE;
				CLANG_WARN_UNREACHABLE_CODE = YES;
				CLANG_WARN__DUPLICATE_METHOD_MATCH = YES;
				CODE_SIGN_IDENTITY = "iPhone Developer";
				COPY_PHASE_STRIP = NO;
				DEBUG_INFORMATION_FORMAT = dwarf;
				ENABLE_STRICT_OBJC_MSGSEND = YES;
				ENABLE_TESTABILITY = YES;
				GCC_C_LANGUAGE_STANDARD = gnu11;
				GCC_DYNAMIC_NO_PIC = NO;
				GCC_NO_COMMON_BLOCKS = YES;
				GCC_OPTIMIZATION_LEVEL = 0;
				GCC_PREPROCESSOR_DEFINITIONS = (
					"DEBUG=1",
					"$(inherited)",
				);
				GCC_WARN_64_TO_32_BIT_CONVERSION = YES;
				GCC_WARN_ABOUT_RETURN_TYPE = YES_ERROR;
				GCC_WARN_UNDECLARED_SELECTOR = YES;
				GCC_WARN_UNINITIALIZED_AUTOS = YES_AGGRESSIVE;
				GCC_WARN_UNUSED_FUNCTION = YES;
				GCC_WARN_UNUSED_VARIABLE = YES;
				IPHONEOS_DEPLOYMENT_TARGET = 12.1;
				MTL_ENABLE_DEBUG_INFO = INCLUDE_SOURCE;
				MTL_FAST_MATH = YES;
				ONLY_ACTIVE_ARCH = YES;
				SDKROOT = iphoneos;
				SWIFT_ACTIVE_COMPILATION_CONDITIONS = DEBUG;
				SWIFT_OPTIMIZATION_LEVEL = "-Onone";
			};
			name = Debug;
		};
		E48CD286222BD54700C15731 /* Release */ = {
			isa = XCBuildConfiguration;
			buildSettings = {
				ALWAYS_SEARCH_USER_PATHS = NO;
				CLANG_ANALYZER_NONNULL = YES;
				CLANG_ANALYZER_NUMBER_OBJECT_CONVERSION = YES_AGGRESSIVE;
				CLANG_CXX_LANGUAGE_STANDARD = "gnu++14";
				CLANG_CXX_LIBRARY = "libc++";
				CLANG_ENABLE_MODULES = YES;
				CLANG_ENABLE_OBJC_ARC = YES;
				CLANG_ENABLE_OBJC_WEAK = YES;
				CLANG_WARN_BLOCK_CAPTURE_AUTORELEASING = YES;
				CLANG_WARN_BOOL_CONVERSION = YES;
				CLANG_WARN_COMMA = YES;
				CLANG_WARN_CONSTANT_CONVERSION = YES;
				CLANG_WARN_DEPRECATED_OBJC_IMPLEMENTATIONS = YES;
				CLANG_WARN_DIRECT_OBJC_ISA_USAGE = YES_ERROR;
				CLANG_WARN_DOCUMENTATION_COMMENTS = YES;
				CLANG_WARN_EMPTY_BODY = YES;
				CLANG_WARN_ENUM_CONVERSION = YES;
				CLANG_WARN_INFINITE_RECURSION = YES;
				CLANG_WARN_INT_CONVERSION = YES;
				CLANG_WARN_NON_LITERAL_NULL_CONVERSION = YES;
				CLANG_WARN_OBJC_IMPLICIT_RETAIN_SELF = YES;
				CLANG_WARN_OBJC_LITERAL_CONVERSION = YES;
				CLANG_WARN_OBJC_ROOT_CLASS = YES_ERROR;
				CLANG_WARN_RANGE_LOOP_ANALYSIS = YES;
				CLANG_WARN_STRICT_PROTOTYPES = YES;
				CLANG_WARN_SUSPICIOUS_MOVE = YES;
				CLANG_WARN_UNGUARDED_AVAILABILITY = YES_AGGRESSIVE;
				CLANG_WARN_UNREACHABLE_CODE = YES;
				CLANG_WARN__DUPLICATE_METHOD_MATCH = YES;
				CODE_SIGN_IDENTITY = "iPhone Developer";
				COPY_PHASE_STRIP = NO;
				DEBUG_INFORMATION_FORMAT = "dwarf-with-dsym";
				ENABLE_NS_ASSERTIONS = NO;
				ENABLE_STRICT_OBJC_MSGSEND = YES;
				GCC_C_LANGUAGE_STANDARD = gnu11;
				GCC_NO_COMMON_BLOCKS = YES;
				GCC_WARN_64_TO_32_BIT_CONVERSION = YES;
				GCC_WARN_ABOUT_RETURN_TYPE = YES_ERROR;
				GCC_WARN_UNDECLARED_SELECTOR = YES;
				GCC_WARN_UNINITIALIZED_AUTOS = YES_AGGRESSIVE;
				GCC_WARN_UNUSED_FUNCTION = YES;
				GCC_WARN_UNUSED_VARIABLE = YES;
				IPHONEOS_DEPLOYMENT_TARGET = 12.1;
				MTL_ENABLE_DEBUG_INFO = NO;
				MTL_FAST_MATH = YES;
				SDKROOT = iphoneos;
				SWIFT_COMPILATION_MODE = wholemodule;
				SWIFT_OPTIMIZATION_LEVEL = "-O";
				VALIDATE_PRODUCT = YES;
			};
			name = Release;
		};
		E48CD288222BD54800C15731 /* Debug */ = {
			isa = XCBuildConfiguration;
			buildSettings = {
				ASSETCATALOG_COMPILER_APPICON_NAME = AppIcon;
				CODE_SIGN_STYLE = Automatic;
				DEVELOPMENT_TEAM = TMV2HTP4TE;
				INFOPLIST_FILE = Mashagel/Info.plist;
				LD_RUNPATH_SEARCH_PATHS = (
					"$(inherited)",
					"@executable_path/Frameworks",
				);
				PRODUCT_BUNDLE_IDENTIFIER = com.abdelRahman.Mashagel;
				PRODUCT_NAME = "$(TARGET_NAME)";
				SWIFT_VERSION = 4.2;
				TARGETED_DEVICE_FAMILY = "1,2";
			};
			name = Debug;
		};
		E48CD289222BD54800C15731 /* Release */ = {
			isa = XCBuildConfiguration;
			buildSettings = {
				ASSETCATALOG_COMPILER_APPICON_NAME = AppIcon;
				CODE_SIGN_STYLE = Automatic;
				DEVELOPMENT_TEAM = TMV2HTP4TE;
				INFOPLIST_FILE = Mashagel/Info.plist;
				LD_RUNPATH_SEARCH_PATHS = (
					"$(inherited)",
					"@executable_path/Frameworks",
				);
				PRODUCT_BUNDLE_IDENTIFIER = com.abdelRahman.Mashagel;
				PRODUCT_NAME = "$(TARGET_NAME)";
				SWIFT_VERSION = 4.2;
				TARGETED_DEVICE_FAMILY = "1,2";
			};
			name = Release;
		};
/* End XCBuildConfiguration section */

/* Begin XCConfigurationList section */
		E48CD26D222BD54000C15731 /* Build configuration list for PBXProject "Mashagel" */ = {
			isa = XCConfigurationList;
			buildConfigurations = (
				E48CD285222BD54700C15731 /* Debug */,
				E48CD286222BD54700C15731 /* Release */,
			);
			defaultConfigurationIsVisible = 0;
			defaultConfigurationName = Release;
		};
		E48CD287222BD54800C15731 /* Build configuration list for PBXNativeTarget "Mashagel" */ = {
			isa = XCConfigurationList;
			buildConfigurations = (
				E48CD288222BD54800C15731 /* Debug */,
				E48CD289222BD54800C15731 /* Release */,
			);
			defaultConfigurationIsVisible = 0;
			defaultConfigurationName = Release;
		};
/* End XCConfigurationList section */

/* Begin XCVersionGroup section */
		E48CD27C222BD54100C15731 /* Mashagel.xcdatamodeld */ = {
			isa = XCVersionGroup;
			children = (
				E48CD27D222BD54100C15731 /* Mashagel.xcdatamodel */,
			);
			currentVersion = E48CD27D222BD54100C15731 /* Mashagel.xcdatamodel */;
			path = Mashagel.xcdatamodeld;
			sourceTree = "<group>";
			versionGroupType = wrapper.xcdatamodel;
		};
/* End XCVersionGroup section */
	};
	rootObject = E48CD26A222BD54000C15731 /* Project object */;
}
